{
  "name": "@nodenv/nodenv-default-packages",
  "version": "1.0.0",
  "lockfileVersion": 3,
  "requires": true,
  "packages": {
    "": {
      "name": "@nodenv/nodenv-default-packages",
      "version": "1.0.0",
      "license": "MIT",
      "bin": {
        "nodenv-default-packages": "bin/nodenv-default-packages"
      },
      "devDependencies": {
        "@nodenv/nodenv": "^1.6.1",
        "bats": "^1.12.0",
        "bats-assert": "^2.0.0",
        "bats-mock": "^1.2.5",
        "shellcheck": "^0.4.4"
      }
    },
    "node_modules/@nodenv/nodenv": {
      "version": "1.6.1",
      "resolved": "https://registry.npmjs.org/@nodenv/nodenv/-/nodenv-1.6.1.tgz",
      "integrity": "sha512-UyeMg3lMdrGY5JBt8UKtrrRaP+has3nGmJIA5lsPO2LNQRpUAYx/cwWECSpb9Zg0mXGFm5d4MtD2tqtxGQEBfA==",
      "dev": true,
      "license": "MIT",
      "bin": {
        "nodenv": "libexec/nodenv"
      }
    },
    "node_modules/bats": {
      "version": "1.12.0",
      "dev": true,
      "license": "MIT",
      "bin": {
        "bats": "bin/bats"
      }
    },
    "node_modules/bats-assert": {
      "version": "2.1.0",
      "resolved": "git+ssh://git@github.com/jasonkarns/bats-assert-1.git#912a98804efd34f24d5eae1bf97ee622ca770e99",
      "dev": true,
      "license": "CC0-1.0",
      "peerDependencies": {
        "bats": "0.4 || ^1",
        "bats-support": "^0.3"
      }
    },
    "node_modules/bats-mock": {
      "version": "1.2.5",
      "dev": true,
      "license": "MIT",
      "peerDependencies": {
        "bats": "^0.4.2 || ^1"
      }
    },
    "node_modules/bats-support": {
      "version": "0.3.0",
      "resolved": "git+ssh://git@github.com/jasonkarns/bats-support.git#0ad082d4590108684c68975ca517a90459f05cd0",
      "dev": true,
      "license": "CC0-1.0",
      "peer": true,
      "peerDependencies": {
        "bats": "0.4 || ^1"
      }
    },
    "node_modules/shellcheck": {
      "version": "0.4.4",
      "dev": true,
      "hasInstallScript": true,
      "license": "MIT",
      "bin": {
        "LICENSE.txt": "shellcheck-latest/LICENSE.txt",
        "README.txt": "shellcheck-latest/README.txt",
        "shellcheck": "shellcheck-latest/shellcheck"
      }
    }
  }
}
