{
  "name": "nodenv-default-packages",
  "version": "0.2.1",
  "lockfileVersion": 1,
  "requires": true,
  "dependencies": {
    "bats": {
      "version": "0.4.2",
      "resolved": "https://registry.npmjs.org/bats/-/bats-0.4.2.tgz",
      "integrity": "sha1-gfIiu8uwg9FSiz6IMKbo8xSHbsY=",
      "dev": true
    },
    "bats-assert": {
      "version": "1.1.1",
      "resolved": "https://registry.npmjs.org/bats-assert/-/bats-assert-1.1.1.tgz",
      "integrity": "sha1-E+8EWuvEJZSWyKG3/x7otPguWM0=",
      "dev": true
    },
    "bats-mock": {
      "version": "1.0.1",
      "resolved": "https://registry.npmjs.org/bats-mock/-/bats-mock-1.0.1.tgz",
      "integrity": "sha1-+G19H84+RhU4L2PemvX/3+dN9dU=",
      "dev": true
    },
    "brew-publish": {
      "version": "2.2.0",
      "resolved": "https://registry.npmjs.org/brew-publish/-/brew-publish-2.2.0.tgz",
      "integrity": "sha512-0d8neRrawePfzYyq8zpXkJRwE5I0mEB8ksPN2cnuOxXffo975HJ4jD5JB7gSb59tLp3xlSNIC0ou/1Bw3329MQ==",
      "dev": true
    }
  }
}
